
Microsoft Visual Studio Solution File, Format Version 12.00
# Visual Studio Version 17
VisualStudioVersion = 17.7.34221.43
MinimumVisualStudioVersion = 10.0.40219.1
Project("{FAE04EC0-301F-11D3-BF4B-00C04F79EFBC}") = "GoalTrackerPointGiver", "GoalTrackerPointGiver\GoalTrackerPointGiver.csproj", "{FD8B11A4-E5C5-491D-B35E-83CB89DC9D42}"
EndProject
Global
	GlobalSection(SolutionConfigurationPlatforms) = preSolution
		Debug|Any CPU = Debug|Any CPU
		Release|Any CPU = Release|Any CPU
	EndGlobalSection
	GlobalSection(ProjectConfigurationPlatforms) = postSolution
		{FD8B11A4-E5C5-491D-B35E-83CB89DC9D42}.Debug|Any CPU.ActiveCfg = Debug|Any CPU
		{FD8B11A4-E5C5-491D-B35E-83CB89DC9D42}.Debug|Any CPU.Build.0 = Debug|Any CPU
		{FD8B11A4-E5C5-491D-B35E-83CB89DC9D42}.Release|Any CPU.ActiveCfg = Release|Any CPU
		{FD8B11A4-E5C5-491D-B35E-83CB89DC9D42}.Release|Any CPU.Build.0 = Release|Any CPU
	EndGlobalSection
	GlobalSection(SolutionProperties) = preSolution
		HideSolutionNode = FALSE
	EndGlobalSection
	GlobalSection(ExtensibilityGlobals) = postSolution
		SolutionGuid = {0F44DDBB-6F72-4AD2-9035-123A9A2EE0D9}
	EndGlobalSection
EndGlobal
